
Microsoft Visual Studio Solution File, Format Version 12.00
# Visual Studio Version 16
VisualStudioVersion = 16.0.30611.23
MinimumVisualStudioVersion = 10.0.40219.1
Project("{9A19103F-16F7-4668-BE54-9A1E7A4F7556}") = "GamifyMain", "GamifyMain\GamifyMain.csproj", "{76FAC926-3CB7-441A-9B50-FD3339873728}"
EndProject
Global
	GlobalSection(SolutionConfigurationPlatforms) = preSolution
		Debug|Any CPU = Debug|Any CPU
		Release|Any CPU = Release|Any CPU
	EndGlobalSection
	GlobalSection(ProjectConfigurationPlatforms) = postSolution
		{76FAC926-3CB7-441A-9B50-FD3339873728}.Debug|Any CPU.ActiveCfg = Debug|Any CPU
		{76FAC926-3CB7-441A-9B50-FD3339873728}.Debug|Any CPU.Build.0 = Debug|Any CPU
		{76FAC926-3CB7-441A-9B50-FD3339873728}.Release|Any CPU.ActiveCfg = Release|Any CPU
		{76FAC926-3CB7-441A-9B50-FD3339873728}.Release|Any CPU.Build.0 = Release|Any CPU
	EndGlobalSection
	GlobalSection(SolutionProperties) = preSolution
		HideSolutionNode = FALSE
	EndGlobalSection
	GlobalSection(ExtensibilityGlobals) = postSolution
		SolutionGuid = {0D0A564F-106B-419D-819C-1F0AE77C3F9E}
	EndGlobalSection
EndGlobal
